# This file is autogenerated, do not edit; changes may be undone by the next 'dep ensure'.


[[projects]]
  digest = "1:ffe5ba52b122a56df4f9854ea2918e0d9f86e74919db63dc138f8fee3253d3d6"
  name = "github.com/google/uuid"
  packages = ["."]
  pruneopts = "UT"
  revision = "0e4e31197428a347842d152773b4cace4645ca25"
  version = "v1.1.2"

[[projects]]
  digest = "1:d8b940ac7dbdbeca288f85ef15aa761b00656535e89e8ef730ddfa10ce4b5a15"
  name = "github.com/kallydev/telegraph-go"
  packages = ["."]
  pruneopts = "UT"
  revision = "9e2a75ff3c3b73832fc4ec3889dce8332da8cb77"
  version = "v1.0.0"

[[projects]]
  branch = "master"
  digest = "1:34534b73e925d20cc72cf202f8b482fdcbe3a1b113e19375f31aadabd0f0f97d"
  name = "github.com/nfnt/resize"
  packages = ["."]
  pruneopts = "UT"
  revision = "83c6a9932646f83e3267f353373d47347b6036b2"

[[projects]]
  digest = "1:1760ee71834b3d0c59ffb6e0f9444fb68aec64bd6630b99b349fb111f74022fa"
  name = "github.com/sirupsen/logrus"
  packages = ["."]
  pruneopts = "UT"
  revision = "6699a89a232f3db797f2e280639854bbc4b89725"
  version = "v1.7.0"

[[projects]]
  branch = "master"
  digest = "1:e67fb04e7bd5d2407b0399df154fe2041a649cc9cb0234f7795c4c0a0170bfb3"
  name = "golang.org/x/sys"
  packages = [
    "internal/unsafeheader",
    "unix",
    "windows",
  ]
  pruneopts = "UT"
  revision = "0d417f6369309be088e227ead8736fb722d759d3"

[[projects]]
  digest = "1:5054a1f394226de9e6ddc47b0ba77e35092a4112f4a1cd9cb94aba1f5bdc3ec6"
  name = "gopkg.in/yaml.v2"
  packages = ["."]
  pruneopts = "UT"
  revision = "7649d4548cb53a614db133b2a8ac1f31859dda8c"
  version = "v2.4.0"

[solve-meta]
  analyzer-name = "dep"
  analyzer-version = 1
  input-imports = [
    "github.com/kallydev/telegraph-go",
    "github.com/nfnt/resize",
    "github.com/sirupsen/logrus",
    "gopkg.in/yaml.v2",
  ]
  solver-name = "gps-cdcl"
  solver-version = 1
